{
  "name": "OpsCenter",
  "lockfileVersion": 3,
  "requires": true,
  "packages": {
    "": {
      "dependencies": {
        "@knowsuchagency/mcp2cli": "^0.0.1"
      }
    },
    "node_modules/@knowsuchagency/mcp2cli": {
      "version": "0.0.1",
      "resolved": "https://registry.npmjs.org/@knowsuchagency/mcp2cli/-/mcp2cli-0.0.1.tgz",
      "integrity": "sha512-fIPpvY3AT470kLwouoegC3SiApPDlwiKuSt5ai2QyzKxRLVmc5zIccYIC4MGah6O9D6hdFk3XlUeuzomCBkWlw==",
      "license": "MIT",
      "bin": {
        "mcp2cli": "dist/index.js"
      }
    }
  }
}
